
Microsoft Visual Studio Solution File, Format Version 12.00
# Visual Studio Version 17
VisualStudioVersion = 17.4.33213.308
MinimumVisualStudioVersion = 10.0.40219.1
Project("{FAE04EC0-301F-11D3-BF4B-00C04F79EFBC}") = "Village_API", "Village_API\Village_API.csproj", "{C67D5DA4-13C1-4DCB-94F2-72A383EA0C6E}"
EndProject
Global
	GlobalSection(SolutionConfigurationPlatforms) = preSolution
		Debug|Any CPU = Debug|Any CPU
		Release|Any CPU = Release|Any CPU
	EndGlobalSection
	GlobalSection(ProjectConfigurationPlatforms) = postSolution
		{C67D5DA4-13C1-4DCB-94F2-72A383EA0C6E}.Debug|Any CPU.ActiveCfg = Debug|Any CPU
		{C67D5DA4-13C1-4DCB-94F2-72A383EA0C6E}.Debug|Any CPU.Build.0 = Debug|Any CPU
		{C67D5DA4-13C1-4DCB-94F2-72A383EA0C6E}.Release|Any CPU.ActiveCfg = Release|Any CPU
		{C67D5DA4-13C1-4DCB-94F2-72A383EA0C6E}.Release|Any CPU.Build.0 = Release|Any CPU
	EndGlobalSection
	GlobalSection(SolutionProperties) = preSolution
		HideSolutionNode = FALSE
	EndGlobalSection
	GlobalSection(ExtensibilityGlobals) = postSolution
		SolutionGuid = {606311EC-7A6A-4C15-955E-B553C9CEDBFC}
	EndGlobalSection
EndGlobal
